
Microsoft Visual Studio Solution File, Format Version 12.00
# Visual Studio Version 17
VisualStudioVersion = 17.9.34902.65
MinimumVisualStudioVersion = 10.0.40219.1
Project("{FAE04EC0-301F-11D3-BF4B-00C04F79EFBC}") = "Abonesepeti.Api", "Abonesepeti.Api\Abonesepeti.Api.csproj", "{A8249721-6536-4E89-95EF-CCAAC9211A9E}"
EndProject
Project("{FAE04EC0-301F-11D3-BF4B-00C04F79EFBC}") = "Abonesepeti.Bussines", "Abonesepeti.Bussines\Abonesepeti.Bussines.csproj", "{9847B800-FE3E-443C-9802-2B1917114FE6}"
EndProject
Project("{FAE04EC0-301F-11D3-BF4B-00C04F79EFBC}") = "Abonesepeti.Core", "Abonesepeti.Core\Abonesepeti.Core.csproj", "{97938842-7284-47AE-831C-E5EB80FB7D6D}"
EndProject
Project("{FAE04EC0-301F-11D3-BF4B-00C04F79EFBC}") = "Abonesepeti.DataAccess", "Abonesepeti.DataAccess\Abonesepeti.DataAccess.csproj", "{D0515D8C-2E4A-4662-86DC-7EDF7BB81F73}"
EndProject
Project("{FAE04EC0-301F-11D3-BF4B-00C04F79EFBC}") = "Abonesepeti.Entity", "Abonesepeti.Entity\Abonesepeti.Entity.csproj", "{7CA9D94E-3AFC-4261-8B94-6619DDE2B4C0}"
EndProject
Global
	GlobalSection(SolutionConfigurationPlatforms) = preSolution
		Debug|Any CPU = Debug|Any CPU
		Release|Any CPU = Release|Any CPU
	EndGlobalSection
	GlobalSection(ProjectConfigurationPlatforms) = postSolution
		{A8249721-6536-4E89-95EF-CCAAC9211A9E}.Debug|Any CPU.ActiveCfg = Debug|Any CPU
		{A8249721-6536-4E89-95EF-CCAAC9211A9E}.Debug|Any CPU.Build.0 = Debug|Any CPU
		{A8249721-6536-4E89-95EF-CCAAC9211A9E}.Release|Any CPU.ActiveCfg = Release|Any CPU
		{A8249721-6536-4E89-95EF-CCAAC9211A9E}.Release|Any CPU.Build.0 = Release|Any CPU
		{9847B800-FE3E-443C-9802-2B1917114FE6}.Debug|Any CPU.ActiveCfg = Debug|Any CPU
		{9847B800-FE3E-443C-9802-2B1917114FE6}.Debug|Any CPU.Build.0 = Debug|Any CPU
		{9847B800-FE3E-443C-9802-2B1917114FE6}.Release|Any CPU.ActiveCfg = Release|Any CPU
		{9847B800-FE3E-443C-9802-2B1917114FE6}.Release|Any CPU.Build.0 = Release|Any CPU
		{97938842-7284-47AE-831C-E5EB80FB7D6D}.Debug|Any CPU.ActiveCfg = Debug|Any CPU
		{97938842-7284-47AE-831C-E5EB80FB7D6D}.Debug|Any CPU.Build.0 = Debug|Any CPU
		{97938842-7284-47AE-831C-E5EB80FB7D6D}.Release|Any CPU.ActiveCfg = Release|Any CPU
		{97938842-7284-47AE-831C-E5EB80FB7D6D}.Release|Any CPU.Build.0 = Release|Any CPU
		{D0515D8C-2E4A-4662-86DC-7EDF7BB81F73}.Debug|Any CPU.ActiveCfg = Debug|Any CPU
		{D0515D8C-2E4A-4662-86DC-7EDF7BB81F73}.Debug|Any CPU.Build.0 = Debug|Any CPU
		{D0515D8C-2E4A-4662-86DC-7EDF7BB81F73}.Release|Any CPU.ActiveCfg = Release|Any CPU
		{D0515D8C-2E4A-4662-86DC-7EDF7BB81F73}.Release|Any CPU.Build.0 = Release|Any CPU
		{7CA9D94E-3AFC-4261-8B94-6619DDE2B4C0}.Debug|Any CPU.ActiveCfg = Debug|Any CPU
		{7CA9D94E-3AFC-4261-8B94-6619DDE2B4C0}.Debug|Any CPU.Build.0 = Debug|Any CPU
		{7CA9D94E-3AFC-4261-8B94-6619DDE2B4C0}.Release|Any CPU.ActiveCfg = Release|Any CPU
		{7CA9D94E-3AFC-4261-8B94-6619DDE2B4C0}.Release|Any CPU.Build.0 = Release|Any CPU
	EndGlobalSection
	GlobalSection(SolutionProperties) = preSolution
		HideSolutionNode = FALSE
	EndGlobalSection
	GlobalSection(ExtensibilityGlobals) = postSolution
		SolutionGuid = {550848E0-54C7-43C5-A26C-944047C5380D}
	EndGlobalSection
EndGlobal
